
Microsoft Visual Studio Solution File, Format Version 12.00
# Visual Studio Version 17
VisualStudioVersion = 17.0.32112.339
MinimumVisualStudioVersion = 10.0.40219.1
Project("{9A19103F-16F7-4668-BE54-9A1E7A4F7556}") = "CrossInventoryApp", "CrossInventoryApp\CrossInventoryApp.csproj", "{EBFA8512-1EA5-4D8C-B4AC-AB5B48A6D568}"
EndProject
Project("{9A19103F-16F7-4668-BE54-9A1E7A4F7556}") = "CrossInventoryApp.NetCore", "CrossInventoryApp.NetCore\CrossInventoryApp.NetCore.csproj", "{ABC31E74-02FF-46EB-B3B2-4E6AE43B456C}"
EndProject
Project("{9A19103F-16F7-4668-BE54-9A1E7A4F7556}") = "CrossInventoryApp.Web", "CrossInventoryApp.Web\CrossInventoryApp.Web.csproj", "{1C1A049E-235C-4CD0-B6FA-D53AC418F4DA}"
EndProject
Project("{FAE04EC0-301F-11D3-BF4B-00C04F79EFBC}") = "CrossInventoryApp.Phone", "CrossInventoryApp.Phone\CrossInventoryApp.Phone.csproj", "{A47C33DF-FA1F-4F4B-841D-11B2D79FAC8B}"
EndProject
Global
	GlobalSection(SolutionConfigurationPlatforms) = preSolution
		Debug|Any CPU = Debug|Any CPU
		Release|Any CPU = Release|Any CPU
	EndGlobalSection
	GlobalSection(ProjectConfigurationPlatforms) = postSolution
		{EBFA8512-1EA5-4D8C-B4AC-AB5B48A6D568}.Debug|Any CPU.ActiveCfg = Debug|Any CPU
		{EBFA8512-1EA5-4D8C-B4AC-AB5B48A6D568}.Debug|Any CPU.Build.0 = Debug|Any CPU
		{EBFA8512-1EA5-4D8C-B4AC-AB5B48A6D568}.Release|Any CPU.ActiveCfg = Release|Any CPU
		{EBFA8512-1EA5-4D8C-B4AC-AB5B48A6D568}.Release|Any CPU.Build.0 = Release|Any CPU
		{ABC31E74-02FF-46EB-B3B2-4E6AE43B456C}.Debug|Any CPU.ActiveCfg = Debug|Any CPU
		{ABC31E74-02FF-46EB-B3B2-4E6AE43B456C}.Debug|Any CPU.Build.0 = Debug|Any CPU
		{ABC31E74-02FF-46EB-B3B2-4E6AE43B456C}.Release|Any CPU.ActiveCfg = Release|Any CPU
		{ABC31E74-02FF-46EB-B3B2-4E6AE43B456C}.Release|Any CPU.Build.0 = Release|Any CPU
		{1C1A049E-235C-4CD0-B6FA-D53AC418F4DA}.Debug|Any CPU.ActiveCfg = Debug|Any CPU
		{1C1A049E-235C-4CD0-B6FA-D53AC418F4DA}.Debug|Any CPU.Build.0 = Debug|Any CPU
		{1C1A049E-235C-4CD0-B6FA-D53AC418F4DA}.Release|Any CPU.ActiveCfg = Release|Any CPU
		{1C1A049E-235C-4CD0-B6FA-D53AC418F4DA}.Release|Any CPU.Build.0 = Release|Any CPU
		{A47C33DF-FA1F-4F4B-841D-11B2D79FAC8B}.Debug|Any CPU.ActiveCfg = Debug|Any CPU
		{A47C33DF-FA1F-4F4B-841D-11B2D79FAC8B}.Debug|Any CPU.Build.0 = Debug|Any CPU
		{A47C33DF-FA1F-4F4B-841D-11B2D79FAC8B}.Debug|Any CPU.Deploy.0 = Debug|Any CPU
		{A47C33DF-FA1F-4F4B-841D-11B2D79FAC8B}.Release|Any CPU.ActiveCfg = Release|Any CPU
		{A47C33DF-FA1F-4F4B-841D-11B2D79FAC8B}.Release|Any CPU.Build.0 = Release|Any CPU
		{A47C33DF-FA1F-4F4B-841D-11B2D79FAC8B}.Release|Any CPU.Deploy.0 = Release|Any CPU
	EndGlobalSection
	GlobalSection(SolutionProperties) = preSolution
		HideSolutionNode = FALSE
	EndGlobalSection
	GlobalSection(ExtensibilityGlobals) = postSolution
		SolutionGuid = {BCE9AA9D-8466-4961-BDD6-CA83AF7F9147}
	EndGlobalSection
EndGlobal
